{
  "name": "talkbox",
  "version": "0.2.0",
  "lockfileVersion": 3,
  "requires": true,
  "packages": {
    "": {
      "name": "talkbox",
      "version": "0.2.0",
      "license": "MIT",
      "dependencies": {
        "sherpa-onnx": "^1.13.3"
      },
      "engines": {
        "node": ">=18"
      }
    },
    "node_modules/sherpa-onnx": {
      "version": "1.13.3",
      "resolved": "https://registry.npmjs.org/sherpa-onnx/-/sherpa-onnx-1.13.3.tgz",
      "integrity": "sha512-PpNOLObw45japIL3bYqHxYkWhEBzm0H0XLDE5Wse3bwvE2LQ9cVb0NFQGjARjvMdPDOuq2LhWiT4JWGnmGd2VQ==",
      "license": "Apache-2.0"
    }
  }
}
